
Microsoft Visual Studio Solution File, Format Version 12.00
# Visual Studio 2012
Project("{FAE04EC0-301F-11D3-BF4B-00C04F79EFBC}") = "EyesOfTheDragonTutorial", "EyesOfTheDragonTutorial.csproj", "{DEF17132-64DE-4D9B-A0AD-2F421B047D57}"
EndProject
Project("{FAE04EC0-301F-11D3-BF4B-00C04F79EFBC}") = "RpgLibrary", "..\RpgLibrary\RpgLibrary.csproj", "{A7F14CD6-8ECF-4C76-BAFD-911155FAD22B}"
EndProject
Project("{FAE04EC0-301F-11D3-BF4B-00C04F79EFBC}") = "XRpgLibrary", "ClassLibrary1\XRpgLibrary.csproj", "{69AF7965-D5FC-42A0-AA07-51BA0D37C389}"
EndProject
Global
	GlobalSection(SolutionConfigurationPlatforms) = preSolution
		Debug|Any CPU = Debug|Any CPU
		Debug|Mixed Platforms = Debug|Mixed Platforms
		Debug|x86 = Debug|x86
		Release|Any CPU = Release|Any CPU
		Release|Mixed Platforms = Release|Mixed Platforms
		Release|x86 = Release|x86
	EndGlobalSection
	GlobalSection(ProjectConfigurationPlatforms) = postSolution
		{DEF17132-64DE-4D9B-A0AD-2F421B047D57}.Debug|Any CPU.ActiveCfg = Debug|x86
		{DEF17132-64DE-4D9B-A0AD-2F421B047D57}.Debug|Mixed Platforms.ActiveCfg = Debug|x86
		{DEF17132-64DE-4D9B-A0AD-2F421B047D57}.Debug|Mixed Platforms.Build.0 = Debug|x86
		{DEF17132-64DE-4D9B-A0AD-2F421B047D57}.Debug|x86.ActiveCfg = Debug|x86
		{DEF17132-64DE-4D9B-A0AD-2F421B047D57}.Debug|x86.Build.0 = Debug|x86
		{DEF17132-64DE-4D9B-A0AD-2F421B047D57}.Release|Any CPU.ActiveCfg = Release|x86
		{DEF17132-64DE-4D9B-A0AD-2F421B047D57}.Release|Mixed Platforms.ActiveCfg = Release|x86
		{DEF17132-64DE-4D9B-A0AD-2F421B047D57}.Release|Mixed Platforms.Build.0 = Release|x86
		{DEF17132-64DE-4D9B-A0AD-2F421B047D57}.Release|x86.ActiveCfg = Release|x86
		{DEF17132-64DE-4D9B-A0AD-2F421B047D57}.Release|x86.Build.0 = Release|x86
		{A7F14CD6-8ECF-4C76-BAFD-911155FAD22B}.Debug|Any CPU.ActiveCfg = Debug|Any CPU
		{A7F14CD6-8ECF-4C76-BAFD-911155FAD22B}.Debug|Any CPU.Build.0 = Debug|Any CPU
		{A7F14CD6-8ECF-4C76-BAFD-911155FAD22B}.Debug|Mixed Platforms.ActiveCfg = Debug|Any CPU
		{A7F14CD6-8ECF-4C76-BAFD-911155FAD22B}.Debug|Mixed Platforms.Build.0 = Debug|Any CPU
		{A7F14CD6-8ECF-4C76-BAFD-911155FAD22B}.Debug|x86.ActiveCfg = Debug|Any CPU
		{A7F14CD6-8ECF-4C76-BAFD-911155FAD22B}.Release|Any CPU.ActiveCfg = Release|Any CPU
		{A7F14CD6-8ECF-4C76-BAFD-911155FAD22B}.Release|Any CPU.Build.0 = Release|Any CPU
		{A7F14CD6-8ECF-4C76-BAFD-911155FAD22B}.Release|Mixed Platforms.ActiveCfg = Release|Any CPU
		{A7F14CD6-8ECF-4C76-BAFD-911155FAD22B}.Release|Mixed Platforms.Build.0 = Release|Any CPU
		{A7F14CD6-8ECF-4C76-BAFD-911155FAD22B}.Release|x86.ActiveCfg = Release|Any CPU
		{69AF7965-D5FC-42A0-AA07-51BA0D37C389}.Debug|Any CPU.ActiveCfg = Debug|Any CPU
		{69AF7965-D5FC-42A0-AA07-51BA0D37C389}.Debug|Any CPU.Build.0 = Debug|Any CPU
		{69AF7965-D5FC-42A0-AA07-51BA0D37C389}.Debug|Mixed Platforms.ActiveCfg = Debug|Any CPU
		{69AF7965-D5FC-42A0-AA07-51BA0D37C389}.Debug|Mixed Platforms.Build.0 = Debug|Any CPU
		{69AF7965-D5FC-42A0-AA07-51BA0D37C389}.Debug|x86.ActiveCfg = Debug|Any CPU
		{69AF7965-D5FC-42A0-AA07-51BA0D37C389}.Release|Any CPU.ActiveCfg = Release|Any CPU
		{69AF7965-D5FC-42A0-AA07-51BA0D37C389}.Release|Any CPU.Build.0 = Release|Any CPU
		{69AF7965-D5FC-42A0-AA07-51BA0D37C389}.Release|Mixed Platforms.ActiveCfg = Release|Any CPU
		{69AF7965-D5FC-42A0-AA07-51BA0D37C389}.Release|Mixed Platforms.Build.0 = Release|Any CPU
		{69AF7965-D5FC-42A0-AA07-51BA0D37C389}.Release|x86.ActiveCfg = Release|Any CPU
	EndGlobalSection
	GlobalSection(SolutionProperties) = preSolution
		HideSolutionNode = FALSE
	EndGlobalSection
EndGlobal
